
Microsoft Visual Studio Solution File, Format Version 12.00
# Visual Studio 14
VisualStudioVersion = 14.0.24720.0
MinimumVisualStudioVersion = 10.0.40219.1
Project("{FAE04EC0-301F-11D3-BF4B-00C04F79EFBC}") = "WebAccounting", "WebAccounting\WebAccounting.csproj", "{284A092B-AEB5-429C-8C7A-9E7D58FBD057}"
EndProject
Project("{FAE04EC0-301F-11D3-BF4B-00C04F79EFBC}") = "DocMageFramework", "..\ClassLibraries\DocMageFramework\DocMageFramework.csproj", "{A0EE3595-4557-407C-81A8-59271DA8F49D}"
EndProject
Project("{FAE04EC0-301F-11D3-BF4B-00C04F79EFBC}") = "AccountingLib", "..\ClassLibraries\AccountingLib\AccountingLib.csproj", "{ECCAD4C8-111B-413F-96B1-84B9E313B852}"
EndProject
Project("{FAE04EC0-301F-11D3-BF4B-00C04F79EFBC}") = "itextsharp", "..\ClassLibraries\iTextSharp\itextsharp.csproj", "{84C4FDD9-3ED7-453B-B9DA-B3ED52CB071C}"
EndProject
Project("{FAE04EC0-301F-11D3-BF4B-00C04F79EFBC}") = "WebAdministrator", "WebAdministrator\WebAdministrator.csproj", "{CA0D7E73-3C74-43DC-8B1E-C64C66909A0A}"
EndProject
Project("{FAE04EC0-301F-11D3-BF4B-00C04F79EFBC}") = "MyXls", "..\ClassLibraries\MyXls\MyXls.csproj", "{38C03298-9CB0-4B20-8764-A7025819D9BB}"
EndProject
Global
	GlobalSection(SolutionConfigurationPlatforms) = preSolution
		Debug|Any CPU = Debug|Any CPU
		Release|Any CPU = Release|Any CPU
	EndGlobalSection
	GlobalSection(ProjectConfigurationPlatforms) = postSolution
		{284A092B-AEB5-429C-8C7A-9E7D58FBD057}.Debug|Any CPU.ActiveCfg = Debug|Any CPU
		{284A092B-AEB5-429C-8C7A-9E7D58FBD057}.Debug|Any CPU.Build.0 = Debug|Any CPU
		{284A092B-AEB5-429C-8C7A-9E7D58FBD057}.Release|Any CPU.ActiveCfg = Release|Any CPU
		{284A092B-AEB5-429C-8C7A-9E7D58FBD057}.Release|Any CPU.Build.0 = Release|Any CPU
		{A0EE3595-4557-407C-81A8-59271DA8F49D}.Debug|Any CPU.ActiveCfg = Debug|Any CPU
		{A0EE3595-4557-407C-81A8-59271DA8F49D}.Debug|Any CPU.Build.0 = Debug|Any CPU
		{A0EE3595-4557-407C-81A8-59271DA8F49D}.Release|Any CPU.ActiveCfg = Release|Any CPU
		{A0EE3595-4557-407C-81A8-59271DA8F49D}.Release|Any CPU.Build.0 = Release|Any CPU
		{ECCAD4C8-111B-413F-96B1-84B9E313B852}.Debug|Any CPU.ActiveCfg = Debug|Any CPU
		{ECCAD4C8-111B-413F-96B1-84B9E313B852}.Debug|Any CPU.Build.0 = Debug|Any CPU
		{ECCAD4C8-111B-413F-96B1-84B9E313B852}.Release|Any CPU.ActiveCfg = Release|Any CPU
		{ECCAD4C8-111B-413F-96B1-84B9E313B852}.Release|Any CPU.Build.0 = Release|Any CPU
		{84C4FDD9-3ED7-453B-B9DA-B3ED52CB071C}.Debug|Any CPU.ActiveCfg = Debug|Any CPU
		{84C4FDD9-3ED7-453B-B9DA-B3ED52CB071C}.Debug|Any CPU.Build.0 = Debug|Any CPU
		{84C4FDD9-3ED7-453B-B9DA-B3ED52CB071C}.Release|Any CPU.ActiveCfg = Release|Any CPU
		{84C4FDD9-3ED7-453B-B9DA-B3ED52CB071C}.Release|Any CPU.Build.0 = Release|Any CPU
		{CA0D7E73-3C74-43DC-8B1E-C64C66909A0A}.Debug|Any CPU.ActiveCfg = Debug|Any CPU
		{CA0D7E73-3C74-43DC-8B1E-C64C66909A0A}.Debug|Any CPU.Build.0 = Debug|Any CPU
		{CA0D7E73-3C74-43DC-8B1E-C64C66909A0A}.Release|Any CPU.ActiveCfg = Release|Any CPU
		{CA0D7E73-3C74-43DC-8B1E-C64C66909A0A}.Release|Any CPU.Build.0 = Release|Any CPU
		{38C03298-9CB0-4B20-8764-A7025819D9BB}.Debug|Any CPU.ActiveCfg = Debug|Any CPU
		{38C03298-9CB0-4B20-8764-A7025819D9BB}.Debug|Any CPU.Build.0 = Debug|Any CPU
		{38C03298-9CB0-4B20-8764-A7025819D9BB}.Release|Any CPU.ActiveCfg = Release|Any CPU
		{38C03298-9CB0-4B20-8764-A7025819D9BB}.Release|Any CPU.Build.0 = Release|Any CPU
	EndGlobalSection
	GlobalSection(SolutionProperties) = preSolution
		HideSolutionNode = FALSE
	EndGlobalSection
EndGlobal
